
Microsoft Visual Studio Solution File, Format Version 11.00
# Visual Studio 2010
Project("{FAE04EC0-301F-11D3-BF4B-00C04F79EFBC}") = "Robustsoftech", "Robustsoftech\Robustsoftech.csproj", "{0E85D7FA-3B68-44BF-85CC-96B1DA7F47C8}"
EndProject
Project("{FAE04EC0-301F-11D3-BF4B-00C04F79EFBC}") = "Robustsoftech.Tests", "Robustsoftech.Tests\Robustsoftech.Tests.csproj", "{F79A7E7F-37E5-4A5A-92AF-16D4BA902E20}"
EndProject
Global
	GlobalSection(SolutionConfigurationPlatforms) = preSolution
		Debug|Any CPU = Debug|Any CPU
		Release|Any CPU = Release|Any CPU
	EndGlobalSection
	GlobalSection(ProjectConfigurationPlatforms) = postSolution
		{0E85D7FA-3B68-44BF-85CC-96B1DA7F47C8}.Debug|Any CPU.ActiveCfg = Debug|Any CPU
		{0E85D7FA-3B68-44BF-85CC-96B1DA7F47C8}.Debug|Any CPU.Build.0 = Debug|Any CPU
		{0E85D7FA-3B68-44BF-85CC-96B1DA7F47C8}.Release|Any CPU.ActiveCfg = Release|Any CPU
		{0E85D7FA-3B68-44BF-85CC-96B1DA7F47C8}.Release|Any CPU.Build.0 = Release|Any CPU
		{F79A7E7F-37E5-4A5A-92AF-16D4BA902E20}.Debug|Any CPU.ActiveCfg = Debug|Any CPU
		{F79A7E7F-37E5-4A5A-92AF-16D4BA902E20}.Debug|Any CPU.Build.0 = Debug|Any CPU
		{F79A7E7F-37E5-4A5A-92AF-16D4BA902E20}.Release|Any CPU.ActiveCfg = Release|Any CPU
		{F79A7E7F-37E5-4A5A-92AF-16D4BA902E20}.Release|Any CPU.Build.0 = Release|Any CPU
	EndGlobalSection
	GlobalSection(SolutionProperties) = preSolution
		HideSolutionNode = FALSE
	EndGlobalSection
EndGlobal
